
Microsoft Visual Studio Solution File, Format Version 12.00
# Visual Studio Version 16
VisualStudioVersion = 16.0.30517.126
MinimumVisualStudioVersion = 10.0.40219.1
Project("{FAE04EC0-301F-11D3-BF4B-00C04F79EFBC}") = "WebApp", "WebApp\WebApp.csproj", "{1D94E4BE-D5E0-4D68-BE2C-E965C7E90683}"
EndProject
Global
	GlobalSection(SolutionConfigurationPlatforms) = preSolution
		Debug|Any CPU = Debug|Any CPU
		Release|Any CPU = Release|Any CPU
	EndGlobalSection
	GlobalSection(ProjectConfigurationPlatforms) = postSolution
		{1D94E4BE-D5E0-4D68-BE2C-E965C7E90683}.Debug|Any CPU.ActiveCfg = Debug|Any CPU
		{1D94E4BE-D5E0-4D68-BE2C-E965C7E90683}.Debug|Any CPU.Build.0 = Debug|Any CPU
		{1D94E4BE-D5E0-4D68-BE2C-E965C7E90683}.Release|Any CPU.ActiveCfg = Release|Any CPU
		{1D94E4BE-D5E0-4D68-BE2C-E965C7E90683}.Release|Any CPU.Build.0 = Release|Any CPU
	EndGlobalSection
	GlobalSection(SolutionProperties) = preSolution
		HideSolutionNode = FALSE
	EndGlobalSection
	GlobalSection(ExtensibilityGlobals) = postSolution
		SolutionGuid = {D3E0521E-B278-4BC9-9FAC-844929A2BD02}
	EndGlobalSection
EndGlobal
